
Microsoft Visual Studio Solution File, Format Version 12.00
# Visual Studio Version 16
VisualStudioVersion = 16.0.29709.97
MinimumVisualStudioVersion = 10.0.40219.1
Project("{9A19103F-16F7-4668-BE54-9A1E7A4F7556}") = "NVDR.API", "NVDR.API\NVDR.API.csproj", "{5D6502F7-2762-487A-89C4-8ABEED3D34E9}"
EndProject
Project("{9A19103F-16F7-4668-BE54-9A1E7A4F7556}") = "Contracts", "Contracts\Contracts.csproj", "{8F6DC7F8-488E-4409-A758-D1FDB6D010E1}"
EndProject
Project("{9A19103F-16F7-4668-BE54-9A1E7A4F7556}") = "LoggerService", "LoggerService\LoggerService.csproj", "{BA3D880B-3489-4583-A76E-F7B226582850}"
EndProject
Project("{9A19103F-16F7-4668-BE54-9A1E7A4F7556}") = "Entities", "Entities\Entities.csproj", "{FBCCB616-B42E-4F8A-8CEE-E13CE11F366C}"
EndProject
Project("{9A19103F-16F7-4668-BE54-9A1E7A4F7556}") = "Repository", "Repository\Repository.csproj", "{995EACCD-2567-4A13-B031-AA4AF94D01BD}"
EndProject
Project("{FAE04EC0-301F-11D3-BF4B-00C04F79EFBC}") = "EmailService", "EmailService\EmailService.csproj", "{47735C62-5999-4A57-9B43-4D09C97794B4}"
EndProject
Global
	GlobalSection(SolutionConfigurationPlatforms) = preSolution
		Debug|Any CPU = Debug|Any CPU
		Release|Any CPU = Release|Any CPU
	EndGlobalSection
	GlobalSection(ProjectConfigurationPlatforms) = postSolution
		{5D6502F7-2762-487A-89C4-8ABEED3D34E9}.Debug|Any CPU.ActiveCfg = Debug|Any CPU
		{5D6502F7-2762-487A-89C4-8ABEED3D34E9}.Debug|Any CPU.Build.0 = Debug|Any CPU
		{5D6502F7-2762-487A-89C4-8ABEED3D34E9}.Release|Any CPU.ActiveCfg = Release|Any CPU
		{5D6502F7-2762-487A-89C4-8ABEED3D34E9}.Release|Any CPU.Build.0 = Release|Any CPU
		{8F6DC7F8-488E-4409-A758-D1FDB6D010E1}.Debug|Any CPU.ActiveCfg = Debug|Any CPU
		{8F6DC7F8-488E-4409-A758-D1FDB6D010E1}.Debug|Any CPU.Build.0 = Debug|Any CPU
		{8F6DC7F8-488E-4409-A758-D1FDB6D010E1}.Release|Any CPU.ActiveCfg = Release|Any CPU
		{8F6DC7F8-488E-4409-A758-D1FDB6D010E1}.Release|Any CPU.Build.0 = Release|Any CPU
		{BA3D880B-3489-4583-A76E-F7B226582850}.Debug|Any CPU.ActiveCfg = Debug|Any CPU
		{BA3D880B-3489-4583-A76E-F7B226582850}.Debug|Any CPU.Build.0 = Debug|Any CPU
		{BA3D880B-3489-4583-A76E-F7B226582850}.Release|Any CPU.ActiveCfg = Release|Any CPU
		{BA3D880B-3489-4583-A76E-F7B226582850}.Release|Any CPU.Build.0 = Release|Any CPU
		{FBCCB616-B42E-4F8A-8CEE-E13CE11F366C}.Debug|Any CPU.ActiveCfg = Debug|Any CPU
		{FBCCB616-B42E-4F8A-8CEE-E13CE11F366C}.Debug|Any CPU.Build.0 = Debug|Any CPU
		{FBCCB616-B42E-4F8A-8CEE-E13CE11F366C}.Release|Any CPU.ActiveCfg = Release|Any CPU
		{FBCCB616-B42E-4F8A-8CEE-E13CE11F366C}.Release|Any CPU.Build.0 = Release|Any CPU
		{995EACCD-2567-4A13-B031-AA4AF94D01BD}.Debug|Any CPU.ActiveCfg = Debug|Any CPU
		{995EACCD-2567-4A13-B031-AA4AF94D01BD}.Debug|Any CPU.Build.0 = Debug|Any CPU
		{995EACCD-2567-4A13-B031-AA4AF94D01BD}.Release|Any CPU.ActiveCfg = Release|Any CPU
		{995EACCD-2567-4A13-B031-AA4AF94D01BD}.Release|Any CPU.Build.0 = Release|Any CPU
		{47735C62-5999-4A57-9B43-4D09C97794B4}.Debug|Any CPU.ActiveCfg = Debug|Any CPU
		{47735C62-5999-4A57-9B43-4D09C97794B4}.Debug|Any CPU.Build.0 = Debug|Any CPU
		{47735C62-5999-4A57-9B43-4D09C97794B4}.Release|Any CPU.ActiveCfg = Release|Any CPU
		{47735C62-5999-4A57-9B43-4D09C97794B4}.Release|Any CPU.Build.0 = Release|Any CPU
	EndGlobalSection
	GlobalSection(SolutionProperties) = preSolution
		HideSolutionNode = FALSE
	EndGlobalSection
	GlobalSection(ExtensibilityGlobals) = postSolution
		SolutionGuid = {2EEA6916-BA11-421D-B39A-4DAACCF45557}
	EndGlobalSection
EndGlobal
